
Microsoft Visual Studio Solution File, Format Version 12.00
# Visual Studio Version 16
VisualStudioVersion = 16.0.30309.148
MinimumVisualStudioVersion = 10.0.40219.1
Project("{FAE04EC0-301F-11D3-BF4B-00C04F79EFBC}") = "BrainBattery", "BrainBattery\BrainBattery.csproj", "{9C17C4B2-DF1E-49E1-9A17-87036A3A4BAB}"
EndProject
Project("{FAE04EC0-301F-11D3-BF4B-00C04F79EFBC}") = "BrainBattery_Objects", "BrainBattery_Objects\BrainBattery_Objects.csproj", "{207965A0-2C16-46F1-BF20-A918700654A3}"
EndProject
Global
	GlobalSection(SolutionConfigurationPlatforms) = preSolution
		Debug|Any CPU = Debug|Any CPU
		Release|Any CPU = Release|Any CPU
	EndGlobalSection
	GlobalSection(ProjectConfigurationPlatforms) = postSolution
		{9C17C4B2-DF1E-49E1-9A17-87036A3A4BAB}.Debug|Any CPU.ActiveCfg = Debug|Any CPU
		{9C17C4B2-DF1E-49E1-9A17-87036A3A4BAB}.Debug|Any CPU.Build.0 = Debug|Any CPU
		{9C17C4B2-DF1E-49E1-9A17-87036A3A4BAB}.Release|Any CPU.ActiveCfg = Release|Any CPU
		{9C17C4B2-DF1E-49E1-9A17-87036A3A4BAB}.Release|Any CPU.Build.0 = Release|Any CPU
		{207965A0-2C16-46F1-BF20-A918700654A3}.Debug|Any CPU.ActiveCfg = Debug|Any CPU
		{207965A0-2C16-46F1-BF20-A918700654A3}.Debug|Any CPU.Build.0 = Debug|Any CPU
		{207965A0-2C16-46F1-BF20-A918700654A3}.Release|Any CPU.ActiveCfg = Release|Any CPU
		{207965A0-2C16-46F1-BF20-A918700654A3}.Release|Any CPU.Build.0 = Release|Any CPU
	EndGlobalSection
	GlobalSection(SolutionProperties) = preSolution
		HideSolutionNode = FALSE
	EndGlobalSection
	GlobalSection(ExtensibilityGlobals) = postSolution
		SolutionGuid = {61D6C419-0690-46A7-9395-CC1361A5AA3D}
	EndGlobalSection
EndGlobal
